github.com/user-none/eblitui/coreif v0.5.0 h1:uLK4rug/LZHJe3vtVSAsBT3GcjdsB3SY3gtuy7rxajk=
github.com/user-none/eblitui/coreif v0.5.0/go.mod h1:NyEjTmsAHI3Zfterj6rlgZiFt++4ACfONQzCQaxJZ7E=
github.com/user-none/eblitui/coreif v0.6.0 h1:aJ3hd7McFqSNU7iZyxmRqlQtOqwtDLxS/7zRmJKNvps=
github.com/user-none/eblitui/coreif v0.6.0/go.mod h1:NyEjTmsAHI3Zfterj6rlgZiFt++4ACfONQzCQaxJZ7E=
